// !$*UTF8*$!
{
	archiveVersion = 1;
	classes = {
	};
	objectVersion = 46;
	objects = {

/* Begin PBXBuildFile section */
		A34B3FD81EBB461D003D7E01 /* AppDelegate.swift in Sources */ = {isa = PBXBuildFile; fileRef = A34B3FD71EBB461D003D7E01 /* AppDelegate.swift */; };
		A34B3FDA1EBB461D003D7E01 /* ViewController.swift in Sources */ = {isa = PBXBuildFile; fileRef = A34B3FD91EBB461D003D7E01 /* ViewController.swift */; };
		A34B3FDD1EBB461D003D7E01 /* Main.storyboard in Resources */ = {isa = PBXBuildFile; fileRef = A34B3FDB1EBB461D003D7E01 /* Main.storyboard */; };
		A34B3FDF1EBB461D003D7E01 /* Assets.xcassets in Resources */ = {isa = PBXBuildFile; fileRef = A34B3FDE1EBB461D003D7E01 /* Assets.xcassets */; };
		A34B3FE21EBB461D003D7E01 /* LaunchScreen.storyboard in Resources */ = {isa = PBXBuildFile; fileRef = A34B3FE01EBB461D003D7E01 /* LaunchScreen.storyboard */; };
		A34B3FED1EBB461E003D7E01 /* HelloWorldTests.swift in Sources */ = {isa = PBXBuildFile; fileRef = A34B3FEC1EBB461E003D7E01 /* HelloWorldTests.swift */; };
		A34B3FF81EBB461E003D7E01 /* HelloWorldUITests.swift in Sources */ = {isa = PBXBuildFile; fileRef = A34B3FF71EBB461E003D7E01 /* HelloWorldUITests.swift */; };
/* End PBXBuildFile section */

/* Begin PBXContainerItemProxy section */
		A34B3FE91EBB461E003D7E01 /* PBXContainerItemProxy */ = {
			isa = PBXContainerItemProxy;
			containerPortal = A34B3FCC1EBB461D003D7E01 /* Project object */;
			proxyType = 1;
			remoteGlobalIDString = A34B3FD31EBB461D003D7E01;
			remoteInfo = HelloWorld;
		};
		A34B3FF41EBB461E003D7E01 /* PBXContainerItemProxy */ = {
			isa = PBXContainerItemProxy;
			containerPortal = A34B3FCC1EBB461D003D7E01 /* Project object */;
			proxyType = 1;
			remoteGlobalIDString = A34B3FD31EBB461D003D7E01;
			remoteInfo = HelloWorld;
		};
/* End PBXContainerItemProxy section */

/* Begin PBXFileReference section */
		A34B3FD41EBB461D003D7E01 /* HelloWorld.app */ = {isa = PBXFileReference; explicitFileType = wrapper.application; includeInIndex = 0; path = HelloWorld.app; sourceTree = BUILT_PRODUCTS_DIR; };
		A34B3FD71EBB461D003D7E01 /* AppDelegate.swift */ = {isa = PBXFileReference; lastKnownFileType = sourcecode.swift; path = AppDelegate.swift; sourceTree = "<group>"; };
		A34B3FD91EBB461D003D7E01 /* ViewController.swift */ = {isa = PBXFileReference; lastKnownFileType = sourcecode.swift; path = ViewController.swift; sourceTree = "<group>"; };
		A34B3FDC1EBB461D003D7E01 /* Base */ = {isa = PBXFileReference; lastKnownFileType = file.storyboard; name = Base; path = Base.lproj/Main.storyboard; sourceTree = "<group>"; };
		A34B3FDE1EBB461D003D7E01 /* Assets.xcassets */ = {isa = PBXFileReference; lastKnownFileType = folder.assetcatalog; path = Assets.xcassets; sourceTree = "<group>"; };
		A34B3FE11EBB461D003D7E01 /* Base */ = {isa = PBXFileReference; lastKnownFileType = file.storyboard; name = Base; path = Base.lproj/LaunchScreen.storyboard; sourceTree = "<group>"; };
		A34B3FE31EBB461D003D7E01 /* Info.plist */ = {isa = PBXFileReference; lastKnownFileType = text.plist.xml; path = Info.plist; sourceTree = "<group>"; };
		A34B3FE81EBB461E003D7E01 /* HelloWorldTests.xctest */ = {isa = PBXFileReference; explicitFileType = wrapper.cfbundle; includeInIndex = 0; path = HelloWorldTests.xctest; sourceTree = BUILT_PRODUCTS_DIR; };
		A34B3FEC1EBB461E003D7E01 /* HelloWorldTests.swift */ = {isa = PBXFileReference; lastKnownFileType = sourcecode.swift; path = HelloWorldTests.swift; sourceTree = "<group>"; };
		A34B3FEE1EBB461E003D7E01 /* Info.plist */ = {isa = PBXFileReference; lastKnownFileType = text.plist.xml; path = Info.plist; sourceTree = "<group>"; };
		A34B3FF31EBB461E003D7E01 /* HelloWorldUITests.xctest */ = {isa = PBXFileReference; explicitFileType = wrapper.cfbundle; includeInIndex = 0; path = HelloWorldUITests.xctest; sourceTree = BUILT_PRODUCTS_DIR; };
		A34B3FF71EBB461E003D7E01 /* HelloWorldUITests.swift */ = {isa = PBXFileReference; lastKnownFileType = sourcecode.swift; path = HelloWorldUITests.swift; sourceTree = "<group>"; };
		A34B3FF91EBB461E003D7E01 /* Info.plist */ = {isa = PBXFileReference; lastKnownFileType = text.plist.xml; path = Info.plist; sourceTree = "<group>"; };
/* End PBXFileReference section */

/* Begin PBXFrameworksBuildPhase section */
		A34B3FD11EBB461D003D7E01 /* Frameworks */ = {
			isa = PBXFrameworksBuildPhase;
			buildActionMask = 2147483647;
			files = (
			);
			runOnlyForDeploymentPostprocessing = 0;
		};
		A34B3FE51EBB461E003D7E01 /* Frameworks */ = {
			isa = PBXFrameworksBuildPhase;
			buildActionMask = 2147483647;
			files = (
			);
			runOnlyForDeploymentPostprocessing = 0;
		};
		A34B3FF01EBB461E003D7E01 /* Frameworks */ = {
			isa = PBXFrameworksBuildPhase;
			buildActionMask = 2147483647;
			files = (
			);
			runOnlyForDeploymentPostprocessing = 0;
		};
/* End PBXFrameworksBuildPhase section */

/* Begin PBXGroup section */
		A34B3FCB1EBB461D003D7E01 = {
			isa = PBXGroup;
			children = (
				A34B3FD61EBB461D003D7E01 /* HelloWorld */,
				A34B3FEB1EBB461E003D7E01 /* HelloWorldTests */,
				A34B3FF61EBB461E003D7E01 /* HelloWorldUITests */,
				A34B3FD51EBB461D003D7E01 /* Products */,
			);
			sourceTree = "<group>";
		};
		A34B3FD51EBB461D003D7E01 /* Products */ = {
			isa = PBXGroup;
			children = (
				A34B3FD41EBB461D003D7E01 /* HelloWorld.app */,
				A34B3FE81EBB461E003D7E01 /* HelloWorldTests.xctest */,
				A34B3FF31EBB461E003D7E01 /* HelloWorldUITests.xctest */,
			);
			name = Products;
			sourceTree = "<group>";
		};
		A34B3FD61EBB461D003D7E01 /* HelloWorld */ = {
			isa = PBXGroup;
			children = (
				A34B3FD71EBB461D003D7E01 /* AppDelegate.swift */,
				A34B3FD91EBB461D003D7E01 /* ViewController.swift */,
				A34B3FDB1EBB461D003D7E01 /* Main.storyboard */,
				A34B3FDE1EBB461D003D7E01 /* Assets.xcassets */,
				A34B3FE01EBB461D003D7E01 /* LaunchScreen.storyboard */,
				A34B3FE31EBB461D003D7E01 /* Info.plist */,
			);
			path = HelloWorld;
			sourceTree = "<group>";
		};
		A34B3FEB1EBB461E003D7E01 /* HelloWorldTests */ = {
			isa = PBXGroup;
			children = (
				A34B3FEC1EBB461E003D7E01 /* HelloWorldTests.swift */,
				A34B3FEE1EBB461E003D7E01 /* Info.plist */,
			);
			path = HelloWorldTests;
			sourceTree = "<group>";
		};
		A34B3FF61EBB461E003D7E01 /* HelloWorldUITests */ = {
			isa = PBXGroup;
			children = (
				A34B3FF71EBB461E003D7E01 /* HelloWorldUITests.swift */,
				A34B3FF91EBB461E003D7E01 /* Info.plist */,
			);
			path = HelloWorldUITests;
			sourceTree = "<group>";
		};
/* End PBXGroup section */

/* Begin PBXNativeTarget section */
		A34B3FD31EBB461D003D7E01 /* HelloWorld */ = {
			isa = PBXNativeTarget;
			buildConfigurationList = A34B3FFC1EBB461E003D7E01 /* Build configuration list for PBXNativeTarget "HelloWorld" */;
			buildPhases = (
				A34B3FD01EBB461D003D7E01 /* Sources */,
				A34B3FD11EBB461D003D7E01 /* Frameworks */,
				A34B3FD21EBB461D003D7E01 /* Resources */,
			);
			buildRules = (
			);
			dependencies = (
			);
			name = HelloWorld;
			productName = HelloWorld;
			productReference = A34B3FD41EBB461D003D7E01 /* HelloWorld.app */;
			productType = "com.apple.product-type.application";
		};
		A34B3FE71EBB461E003D7E01 /* HelloWorldTests */ = {
			isa = PBXNativeTarget;
			buildConfigurationList = A34B3FFF1EBB461E003D7E01 /* Build configuration list for PBXNativeTarget "HelloWorldTests" */;
			buildPhases = (
				A34B3FE41EBB461E003D7E01 /* Sources */,
				A34B3FE51EBB461E003D7E01 /* Frameworks */,
				A34B3FE61EBB461E003D7E01 /* Resources */,
			);
			buildRules = (
			);
			dependencies = (
				A34B3FEA1EBB461E003D7E01 /* PBXTargetDependency */,
			);
			name = HelloWorldTests;
			productName = HelloWorldTests;
			productReference = A34B3FE81EBB461E003D7E01 /* HelloWorldTests.xctest */;
			productType = "com.apple.product-type.bundle.unit-test";
		};
		A34B3FF21EBB461E003D7E01 /* HelloWorldUITests */ = {
			isa = PBXNativeTarget;
			buildConfigurationList = A34B40021EBB461E003D7E01 /* Build configuration list for PBXNativeTarget "HelloWorldUITests" */;
			buildPhases = (
				A34B3FEF1EBB461E003D7E01 /* Sources */,
				A34B3FF01EBB461E003D7E01 /* Frameworks */,
				A34B3FF11EBB461E003D7E01 /* Resources */,
			);
			buildRules = (
			);
			dependencies = (
				A34B3FF51EBB461E003D7E01 /* PBXTargetDependency */,
			);
			name = HelloWorldUITests;
			productName = HelloWorldUITests;
			productReference = A34B3FF31EBB461E003D7E01 /* HelloWorldUITests.xctest */;
			productType = "com.apple.product-type.bundle.ui-testing";
		};
/* End PBXNativeTarget section */

/* Begin PBXProject section */
		A34B3FCC1EBB461D003D7E01 /* Project object */ = {
			isa = PBXProject;
			attributes = {
				LastSwiftUpdateCheck = 0830;
				LastUpgradeCheck = 0830;
				ORGANIZATIONNAME = Ai.Kitagawa;
				TargetAttributes = {
					A34B3FD31EBB461D003D7E01 = {
						CreatedOnToolsVersion = 8.3.2;
						ProvisioningStyle = Automatic;
					};
					A34B3FE71EBB461E003D7E01 = {
						CreatedOnToolsVersion = 8.3.2;
						ProvisioningStyle = Automatic;
						TestTargetID = A34B3FD31EBB461D003D7E01;
					};
					A34B3FF21EBB461E003D7E01 = {
						CreatedOnToolsVersion = 8.3.2;
						ProvisioningStyle = Automatic;
						TestTargetID = A34B3FD31EBB461D003D7E01;
					};
				};
			};
			buildConfigurationList = A34B3FCF1EBB461D003D7E01 /* Build configuration list for PBXProject "HelloWorld" */;
			compatibilityVersion = "Xcode 3.2";
			developmentRegion = English;
			hasScannedForEncodings = 0;
			knownRegions = (
				en,
				Base,
			);
			mainGroup = A34B3FCB1EBB461D003D7E01;
			productRefGroup = A34B3FD51EBB461D003D7E01 /* Products */;
			projectDirPath = "";
			projectRoot = "";
			targets = (
				A34B3FD31EBB461D003D7E01 /* HelloWorld */,
				A34B3FE71EBB461E003D7E01 /* HelloWorldTests */,
				A34B3FF21EBB461E003D7E01 /* HelloWorldUITests */,
			);
		};
/* End PBXProject section */

/* Begin PBXResourcesBuildPhase section */
		A34B3FD21EBB461D003D7E01 /* Resources */ = {
			isa = PBXResourcesBuildPhase;
			buildActionMask = 2147483647;
			files = (
				A34B3FE21EBB461D003D7E01 /* LaunchScreen.storyboard in Resources */,
				A34B3FDF1EBB461D003D7E01 /* Assets.xcassets in Resources */,
				A34B3FDD1EBB461D003D7E01 /* Main.storyboard in Resources */,
			);
			runOnlyForDeploymentPostprocessing = 0;
		};
		A34B3FE61EBB461E003D7E01 /* Resources */ = {
			isa = PBXResourcesBuildPhase;
			buildActionMask = 2147483647;
			files = (
			);
			runOnlyForDeploymentPostprocessing = 0;
		};
		A34B3FF11EBB461E003D7E01 /* Resources */ = {
			isa = PBXResourcesBuildPhase;
			buildActionMask = 2147483647;
			files = (
			);
			runOnlyForDeploymentPostprocessing = 0;
		};
/* End PBXResourcesBuildPhase section */

/* Begin PBXSourcesBuildPhase section */
		A34B3FD01EBB461D003D7E01 /* Sources */ = {
			isa = PBXSourcesBuildPhase;
			buildActionMask = 2147483647;
			files = (
				A34B3FDA1EBB461D003D7E01 /* ViewController.swift in Sources */,
				A34B3FD81EBB461D003D7E01 /* AppDelegate.swift in Sources */,
			);
			runOnlyForDeploymentPostprocessing = 0;
		};
		A34B3FE41EBB461E003D7E01 /* Sources */ = {
			isa = PBXSourcesBuildPhase;
			buildActionMask = 2147483647;
			files = (
				A34B3FED1EBB461E003D7E01 /* HelloWorldTests.swift in Sources */,
			);
			runOnlyForDeploymentPostprocessing = 0;
		};
		A34B3FEF1EBB461E003D7E01 /* Sources */ = {
			isa = PBXSourcesBuildPhase;
			buildActionMask = 2147483647;
			files = (
				A34B3FF81EBB461E003D7E01 /* HelloWorldUITests.swift in Sources */,
			);
			runOnlyForDeploymentPostprocessing = 0;
		};
/* End PBXSourcesBuildPhase section */

/* Begin PBXTargetDependency section */
		A34B3FEA1EBB461E003D7E01 /* PBXTargetDependency */ = {
			isa = PBXTargetDependency;
			target = A34B3FD31EBB461D003D7E01 /* HelloWorld */;
			targetProxy = A34B3FE91EBB461E003D7E01 /* PBXContainerItemProxy */;
		};
		A34B3FF51EBB461E003D7E01 /* PBXTargetDependency */ = {
			isa = PBXTargetDependency;
			target = A34B3FD31EBB461D003D7E01 /* HelloWorld */;
			targetProxy = A34B3FF41EBB461E003D7E01 /* PBXContainerItemProxy */;
		};
/* End PBXTargetDependency section */

/* Begin PBXVariantGroup section */
		A34B3FDB1EBB461D003D7E01 /* Main.storyboard */ = {
			isa = PBXVariantGroup;
			children = (
				A34B3FDC1EBB461D003D7E01 /* Base */,
			);
			name = Main.storyboard;
			sourceTree = "<group>";
		};
		A34B3FE01EBB461D003D7E01 /* LaunchScreen.storyboard */ = {
			isa = PBXVariantGroup;
			children = (
				A34B3FE11EBB461D003D7E01 /* Base */,
			);
			name = LaunchScreen.storyboard;
			sourceTree = "<group>";
		};
/* End PBXVariantGroup section */

/* Begin XCBuildConfiguration section */
		A34B3FFA1EBB461E003D7E01 /* Debug */ = {
			isa = XCBuildConfiguration;
			buildSettings = {
				ALWAYS_SEARCH_USER_PATHS = NO;
				CLANG_ANALYZER_NONNULL = YES;
				CLANG_ANALYZER_NUMBER_OBJECT_CONVERSION = YES_AGGRESSIVE;
				CLANG_CXX_LANGUAGE_STANDARD = "gnu++0x";
				CLANG_CXX_LIBRARY = "libc++";
				CLANG_ENABLE_MODULES = YES;
				CLANG_ENABLE_OBJC_ARC = YES;
				CLANG_WARN_BOOL_CONVERSION = YES;
				CLANG_WARN_CONSTANT_CONVERSION = YES;
				CLANG_WARN_DIRECT_OBJC_ISA_USAGE = YES_ERROR;
				CLANG_WARN_DOCUMENTATION_COMMENTS = YES;
				CLANG_WARN_EMPTY_BODY = YES;
				CLANG_WARN_ENUM_CONVERSION = YES;
				CLANG_WARN_INFINITE_RECURSION = YES;
				CLANG_WARN_INT_CONVERSION = YES;
				CLANG_WARN_OBJC_ROOT_CLASS = YES_ERROR;
				CLANG_WARN_SUSPICIOUS_MOVE = YES;
				CLANG_WARN_UNREACHABLE_CODE = YES;
				CLANG_WARN__DUPLICATE_METHOD_MATCH = YES;
				"CODE_SIGN_IDENTITY[sdk=iphoneos*]" = "iPhone Developer";
				COPY_PHASE_STRIP = NO;
				DEBUG_INFORMATION_FORMAT = dwarf;
				ENABLE_STRICT_OBJC_MSGSEND = YES;
				ENABLE_TESTABILITY = YES;
				GCC_C_LANGUAGE_STANDARD = gnu99;
				GCC_DYNAMIC_NO_PIC = NO;
				GCC_NO_COMMON_BLOCKS = YES;
				GCC_OPTIMIZATION_LEVEL = 0;
				GCC_PREPROCESSOR_DEFINITIONS = (
					"DEBUG=1",
					"$(inherited)",
				);
				GCC_WARN_64_TO_32_BIT_CONVERSION = YES;
				GCC_WARN_ABOUT_RETURN_TYPE = YES_ERROR;
				GCC_WARN_UNDECLARED_SELECTOR = YES;
				GCC_WARN_UNINITIALIZED_AUTOS = YES_AGGRESSIVE;
				GCC_WARN_UNUSED_FUNCTION = YES;
				GCC_WARN_UNUSED_VARIABLE = YES;
				IPHONEOS_DEPLOYMENT_TARGET = 10.3;
				MTL_ENABLE_DEBUG_INFO = YES;
				ONLY_ACTIVE_ARCH = YES;
				SDKROOT = iphoneos;
				SWIFT_ACTIVE_COMPILATION_CONDITIONS = DEBUG;
				SWIFT_OPTIMIZATION_LEVEL = "-Onone";
			};
			name = Debug;
		};
		A34B3FFB1EBB461E003D7E01 /* Release */ = {
			isa = XCBuildConfiguration;
			buildSettings = {
				ALWAYS_SEARCH_USER_PATHS = NO;
				CLANG_ANALYZER_NONNULL = YES;
				CLANG_ANALYZER_NUMBER_OBJECT_CONVERSION = YES_AGGRESSIVE;
				CLANG_CXX_LANGUAGE_STANDARD = "gnu++0x";
				CLANG_CXX_LIBRARY = "libc++";
				CLANG_ENABLE_MODULES = YES;
				CLANG_ENABLE_OBJC_ARC = YES;
				CLANG_WARN_BOOL_CONVERSION = YES;
				CLANG_WARN_CONSTANT_CONVERSION = YES;
				CLANG_WARN_DIRECT_OBJC_ISA_USAGE = YES_ERROR;
				CLANG_WARN_DOCUMENTATION_COMMENTS = YES;
				CLANG_WARN_EMPTY_BODY = YES;
				CLANG_WARN_ENUM_CONVERSION = YES;
				CLANG_WARN_INFINITE_RECURSION = YES;
				CLANG_WARN_INT_CONVERSION = YES;
				CLANG_WARN_OBJC_ROOT_CLASS = YES_ERROR;
				CLANG_WARN_SUSPICIOUS_MOVE = YES;
				CLANG_WARN_UNREACHABLE_CODE = YES;
				CLANG_WARN__DUPLICATE_METHOD_MATCH = YES;
				"CODE_SIGN_IDENTITY[sdk=iphoneos*]" = "iPhone Developer";
				COPY_PHASE_STRIP = NO;
				DEBUG_INFORMATION_FORMAT = "dwarf-with-dsym";
				ENABLE_NS_ASSERTIONS = NO;
				ENABLE_STRICT_OBJC_MSGSEND = YES;
				GCC_C_LANGUAGE_STANDARD = gnu99;
				GCC_NO_COMMON_BLOCKS = YES;
				GCC_WARN_64_TO_32_BIT_CONVERSION = YES;
				GCC_WARN_ABOUT_RETURN_TYPE = YES_ERROR;
				GCC_WARN_UNDECLARED_SELECTOR = YES;
				GCC_WARN_UNINITIALIZED_AUTOS = YES_AGGRESSIVE;
				GCC_WARN_UNUSED_FUNCTION = YES;
				GCC_WARN_UNUSED_VARIABLE = YES;
				IPHONEOS_DEPLOYMENT_TARGET = 10.3;
				MTL_ENABLE_DEBUG_INFO = NO;
				SDKROOT = iphoneos;
				SWIFT_OPTIMIZATION_LEVEL = "-Owholemodule";
				VALIDATE_PRODUCT = YES;
			};
			name = Release;
		};
		A34B3FFD1EBB461E003D7E01 /* Debug */ = {
			isa = XCBuildConfiguration;
			buildSettings = {
				ASSETCATALOG_COMPILER_APPICON_NAME = AppIcon;
				INFOPLIST_FILE = HelloWorld/Info.plist;
				LD_RUNPATH_SEARCH_PATHS = "$(inherited) @executable_path/Frameworks";
				PRODUCT_BUNDLE_IDENTIFIER = jp.techacademy.ai.kitagawa.HelloWorld;
				PRODUCT_NAME = "$(TARGET_NAME)";
				SWIFT_VERSION = 3.0;
			};
			name = Debug;
		};
		A34B3FFE1EBB461E003D7E01 /* Release */ = {
			isa = XCBuildConfiguration;
			buildSettings = {
				ASSETCATALOG_COMPILER_APPICON_NAME = AppIcon;
				INFOPLIST_FILE = HelloWorld/Info.plist;
				LD_RUNPATH_SEARCH_PATHS = "$(inherited) @executable_path/Frameworks";
				PRODUCT_BUNDLE_IDENTIFIER = jp.techacademy.ai.kitagawa.HelloWorld;
				PRODUCT_NAME = "$(TARGET_NAME)";
				SWIFT_VERSION = 3.0;
			};
			name = Release;
		};
		A34B40001EBB461E003D7E01 /* Debug */ = {
			isa = XCBuildConfiguration;
			buildSettings = {
				ALWAYS_EMBED_SWIFT_STANDARD_LIBRARIES = YES;
				BUNDLE_LOADER = "$(TEST_HOST)";
				INFOPLIST_FILE = HelloWorldTests/Info.plist;
				LD_RUNPATH_SEARCH_PATHS = "$(inherited) @executable_path/Frameworks @loader_path/Frameworks";
				PRODUCT_BUNDLE_IDENTIFIER = jp.techacademy.ai.kitagawa.HelloWorldTests;
				PRODUCT_NAME = "$(TARGET_NAME)";
				SWIFT_VERSION = 3.0;
				TEST_HOST = "$(BUILT_PRODUCTS_DIR)/HelloWorld.app/HelloWorld";
			};
			name = Debug;
		};
		A34B40011EBB461E003D7E01 /* Release */ = {
			isa = XCBuildConfiguration;
			buildSettings = {
				ALWAYS_EMBED_SWIFT_STANDARD_LIBRARIES = YES;
				BUNDLE_LOADER = "$(TEST_HOST)";
				INFOPLIST_FILE = HelloWorldTests/Info.plist;
				LD_RUNPATH_SEARCH_PATHS = "$(inherited) @executable_path/Frameworks @loader_path/Frameworks";
				PRODUCT_BUNDLE_IDENTIFIER = jp.techacademy.ai.kitagawa.HelloWorldTests;
				PRODUCT_NAME = "$(TARGET_NAME)";
				SWIFT_VERSION = 3.0;
				TEST_HOST = "$(BUILT_PRODUCTS_DIR)/HelloWorld.app/HelloWorld";
			};
			name = Release;
		};
		A34B40031EBB461E003D7E01 /* Debug */ = {
			isa = XCBuildConfiguration;
			buildSettings = {
				ALWAYS_EMBED_SWIFT_STANDARD_LIBRARIES = YES;
				INFOPLIST_FILE = HelloWorldUITests/Info.plist;
				LD_RUNPATH_SEARCH_PATHS = "$(inherited) @executable_path/Frameworks @loader_path/Frameworks";
				PRODUCT_BUNDLE_IDENTIFIER = jp.techacademy.ai.kitagawa.HelloWorldUITests;
				PRODUCT_NAME = "$(TARGET_NAME)";
				SWIFT_VERSION = 3.0;
				TEST_TARGET_NAME = HelloWorld;
			};
			name = Debug;
		};
		A34B40041EBB461E003D7E01 /* Release */ = {
			isa = XCBuildConfiguration;
			buildSettings = {
				ALWAYS_EMBED_SWIFT_STANDARD_LIBRARIES = YES;
				INFOPLIST_FILE = HelloWorldUITests/Info.plist;
				LD_RUNPATH_SEARCH_PATHS = "$(inherited) @executable_path/Frameworks @loader_path/Frameworks";
				PRODUCT_BUNDLE_IDENTIFIER = jp.techacademy.ai.kitagawa.HelloWorldUITests;
				PRODUCT_NAME = "$(TARGET_NAME)";
				SWIFT_VERSION = 3.0;
				TEST_TARGET_NAME = HelloWorld;
			};
			name = Release;
		};
/* End XCBuildConfiguration section */

/* Begin XCConfigurationList section */
		A34B3FCF1EBB461D003D7E01 /* Build configuration list for PBXProject "HelloWorld" */ = {
			isa = XCConfigurationList;
			buildConfigurations = (
				A34B3FFA1EBB461E003D7E01 /* Debug */,
				A34B3FFB1EBB461E003D7E01 /* Release */,
			);
			defaultConfigurationIsVisible = 0;
			defaultConfigurationName = Release;
		};
		A34B3FFC1EBB461E003D7E01 /* Build configuration list for PBXNativeTarget "HelloWorld" */ = {
			isa = XCConfigurationList;
			buildConfigurations = (
				A34B3FFD1EBB461E003D7E01 /* Debug */,
				A34B3FFE1EBB461E003D7E01 /* Release */,
			);
			defaultConfigurationIsVisible = 0;
		};
		A34B3FFF1EBB461E003D7E01 /* Build configuration list for PBXNativeTarget "HelloWorldTests" */ = {
			isa = XCConfigurationList;
			buildConfigurations = (
				A34B40001EBB461E003D7E01 /* Debug */,
				A34B40011EBB461E003D7E01 /* Release */,
			);
			defaultConfigurationIsVisible = 0;
		};
		A34B40021EBB461E003D7E01 /* Build configuration list for PBXNativeTarget "HelloWorldUITests" */ = {
			isa = XCConfigurationList;
			buildConfigurations = (
				A34B40031EBB461E003D7E01 /* Debug */,
				A34B40041EBB461E003D7E01 /* Release */,
			);
			defaultConfigurationIsVisible = 0;
		};
/* End XCConfigurationList section */
	};
	rootObject = A34B3FCC1EBB461D003D7E01 /* Project object */;
}
